
Microsoft Visual Studio Solution File, Format Version 12.00
# Visual Studio Version 16
VisualStudioVersion = 16.0.30413.136
MinimumVisualStudioVersion = 10.0.40219.1
Project("{FAE04EC0-301F-11D3-BF4B-00C04F79EFBC}") = "Helloworlddec20", "Helloworlddec20\Helloworlddec20.csproj", "{A6900383-1EB5-4F47-8D81-08D8E8163252}"
EndProject
Global
	GlobalSection(SolutionConfigurationPlatforms) = preSolution
		Debug|Any CPU = Debug|Any CPU
		Release|Any CPU = Release|Any CPU
	EndGlobalSection
	GlobalSection(ProjectConfigurationPlatforms) = postSolution
		{A6900383-1EB5-4F47-8D81-08D8E8163252}.Debug|Any CPU.ActiveCfg = Debug|Any CPU
		{A6900383-1EB5-4F47-8D81-08D8E8163252}.Debug|Any CPU.Build.0 = Debug|Any CPU
		{A6900383-1EB5-4F47-8D81-08D8E8163252}.Release|Any CPU.ActiveCfg = Release|Any CPU
		{A6900383-1EB5-4F47-8D81-08D8E8163252}.Release|Any CPU.Build.0 = Release|Any CPU
	EndGlobalSection
	GlobalSection(SolutionProperties) = preSolution
		HideSolutionNode = FALSE
	EndGlobalSection
	GlobalSection(ExtensibilityGlobals) = postSolution
		SolutionGuid = {2E52DF61-A4F0-40A6-AB58-3F470CEC9C35}
	EndGlobalSection
EndGlobal
